
Microsoft Visual Studio Solution File, Format Version 12.00
# Visual Studio 15
VisualStudioVersion = 15.0.27703.2042
MinimumVisualStudioVersion = 10.0.40219.1
Project("{FAE04EC0-301F-11D3-BF4B-00C04F79EFBC}") = "TestSolvingConficts", "TestSolvingConficts\TestSolvingConficts.csproj", "{5E7AB1B7-471B-477C-A212-BF814B2E688B}"
EndProject
Global
	GlobalSection(SolutionConfigurationPlatforms) = preSolution
		Debug|Any CPU = Debug|Any CPU
		Release|Any CPU = Release|Any CPU
	EndGlobalSection
	GlobalSection(ProjectConfigurationPlatforms) = postSolution
		{5E7AB1B7-471B-477C-A212-BF814B2E688B}.Debug|Any CPU.ActiveCfg = Debug|Any CPU
		{5E7AB1B7-471B-477C-A212-BF814B2E688B}.Debug|Any CPU.Build.0 = Debug|Any CPU
		{5E7AB1B7-471B-477C-A212-BF814B2E688B}.Release|Any CPU.ActiveCfg = Release|Any CPU
		{5E7AB1B7-471B-477C-A212-BF814B2E688B}.Release|Any CPU.Build.0 = Release|Any CPU
	EndGlobalSection
	GlobalSection(SolutionProperties) = preSolution
		HideSolutionNode = FALSE
	EndGlobalSection
	GlobalSection(ExtensibilityGlobals) = postSolution
		SolutionGuid = {914C9B38-5A8E-47D4-A4CB-0A2691592306}
	EndGlobalSection
EndGlobal
